
Microsoft Visual Studio Solution File, Format Version 12.00
# Visual Studio Version 16
VisualStudioVersion = 16.0.31424.327
MinimumVisualStudioVersion = 10.0.40219.1
Project("{FAE04EC0-301F-11D3-BF4B-00C04F79EFBC}") = "ProNatur-Biomarkt GmbH", "ProNatur-Biomarkt GmbH.csproj", "{8A40940B-B5F3-46B6-B464-A420E8C6B998}"
EndProject
Global
	GlobalSection(SolutionConfigurationPlatforms) = preSolution
		Debug|Any CPU = Debug|Any CPU
		Release|Any CPU = Release|Any CPU
	EndGlobalSection
	GlobalSection(ProjectConfigurationPlatforms) = postSolution
		{8A40940B-B5F3-46B6-B464-A420E8C6B998}.Debug|Any CPU.ActiveCfg = Debug|Any CPU
		{8A40940B-B5F3-46B6-B464-A420E8C6B998}.Debug|Any CPU.Build.0 = Debug|Any CPU
		{8A40940B-B5F3-46B6-B464-A420E8C6B998}.Release|Any CPU.ActiveCfg = Release|Any CPU
		{8A40940B-B5F3-46B6-B464-A420E8C6B998}.Release|Any CPU.Build.0 = Release|Any CPU
	EndGlobalSection
	GlobalSection(SolutionProperties) = preSolution
		HideSolutionNode = FALSE
	EndGlobalSection
	GlobalSection(ExtensibilityGlobals) = postSolution
		SolutionGuid = {BF56BC67-F1EF-45DF-8348-A8B42677C253}
	EndGlobalSection
EndGlobal
